// !$*UTF8*$!
{
	archiveVersion = 1;
	classes = {
	};
	objectVersion = 50;
	objects = {

/* Begin PBXBuildFile section */
		25528F5321281A5A006092EE /* AppDelegate.swift in Sources */ = {isa = PBXBuildFile; fileRef = 25528F5221281A5A006092EE /* AppDelegate.swift */; };
		25528F5521281A5A006092EE /* ViewController.swift in Sources */ = {isa = PBXBuildFile; fileRef = 25528F5421281A5A006092EE /* ViewController.swift */; };
		25528F5821281A5A006092EE /* Main.storyboard in Resources */ = {isa = PBXBuildFile; fileRef = 25528F5621281A5A006092EE /* Main.storyboard */; };
		25528F5A21281A5C006092EE /* Assets.xcassets in Resources */ = {isa = PBXBuildFile; fileRef = 25528F5921281A5C006092EE /* Assets.xcassets */; };
		25528F5D21281A5C006092EE /* LaunchScreen.storyboard in Resources */ = {isa = PBXBuildFile; fileRef = 25528F5B21281A5C006092EE /* LaunchScreen.storyboard */; };
		25528F6821281A5C006092EE /* Whats_My_NumberTests.swift in Sources */ = {isa = PBXBuildFile; fileRef = 25528F6721281A5C006092EE /* Whats_My_NumberTests.swift */; };
		25528F7321281A5C006092EE /* Whats_My_NumberUITests.swift in Sources */ = {isa = PBXBuildFile; fileRef = 25528F7221281A5C006092EE /* Whats_My_NumberUITests.swift */; };
		25528F8121281CD5006092EE /* README.md in Resources */ = {isa = PBXBuildFile; fileRef = 25528F8021281CD4006092EE /* README.md */; };
		25528F8321281D19006092EE /* screenshot.png in Resources */ = {isa = PBXBuildFile; fileRef = 25528F8221281D19006092EE /* screenshot.png */; };
/* End PBXBuildFile section */

/* Begin PBXContainerItemProxy section */
		25528F6421281A5C006092EE /* PBXContainerItemProxy */ = {
			isa = PBXContainerItemProxy;
			containerPortal = 25528F4721281A5A006092EE /* Project object */;
			proxyType = 1;
			remoteGlobalIDString = 25528F4E21281A5A006092EE;
			remoteInfo = "Whats My Number";
		};
		25528F6F21281A5C006092EE /* PBXContainerItemProxy */ = {
			isa = PBXContainerItemProxy;
			containerPortal = 25528F4721281A5A006092EE /* Project object */;
			proxyType = 1;
			remoteGlobalIDString = 25528F4E21281A5A006092EE;
			remoteInfo = "Whats My Number";
		};
/* End PBXContainerItemProxy section */

/* Begin PBXFileReference section */
		25528F4F21281A5A006092EE /* Whats My Number.app */ = {isa = PBXFileReference; explicitFileType = wrapper.application; includeInIndex = 0; path = "Whats My Number.app"; sourceTree = BUILT_PRODUCTS_DIR; };
		25528F5221281A5A006092EE /* AppDelegate.swift */ = {isa = PBXFileReference; lastKnownFileType = sourcecode.swift; path = AppDelegate.swift; sourceTree = "<group>"; };
		25528F5421281A5A006092EE /* ViewController.swift */ = {isa = PBXFileReference; lastKnownFileType = sourcecode.swift; path = ViewController.swift; sourceTree = "<group>"; };
		25528F5721281A5A006092EE /* Base */ = {isa = PBXFileReference; lastKnownFileType = file.storyboard; name = Base; path = Base.lproj/Main.storyboard; sourceTree = "<group>"; };
		25528F5921281A5C006092EE /* Assets.xcassets */ = {isa = PBXFileReference; lastKnownFileType = folder.assetcatalog; path = Assets.xcassets; sourceTree = "<group>"; };
		25528F5C21281A5C006092EE /* Base */ = {isa = PBXFileReference; lastKnownFileType = file.storyboard; name = Base; path = Base.lproj/LaunchScreen.storyboard; sourceTree = "<group>"; };
		25528F5E21281A5C006092EE /* Info.plist */ = {isa = PBXFileReference; lastKnownFileType = text.plist.xml; path = Info.plist; sourceTree = "<group>"; };
		25528F6321281A5C006092EE /* Whats My NumberTests.xctest */ = {isa = PBXFileReference; explicitFileType = wrapper.cfbundle; includeInIndex = 0; path = "Whats My NumberTests.xctest"; sourceTree = BUILT_PRODUCTS_DIR; };
		25528F6721281A5C006092EE /* Whats_My_NumberTests.swift */ = {isa = PBXFileReference; lastKnownFileType = sourcecode.swift; path = Whats_My_NumberTests.swift; sourceTree = "<group>"; };
		25528F6921281A5C006092EE /* Info.plist */ = {isa = PBXFileReference; lastKnownFileType = text.plist.xml; path = Info.plist; sourceTree = "<group>"; };
		25528F6E21281A5C006092EE /* Whats My NumberUITests.xctest */ = {isa = PBXFileReference; explicitFileType = wrapper.cfbundle; includeInIndex = 0; path = "Whats My NumberUITests.xctest"; sourceTree = BUILT_PRODUCTS_DIR; };
		25528F7221281A5C006092EE /* Whats_My_NumberUITests.swift */ = {isa = PBXFileReference; lastKnownFileType = sourcecode.swift; path = Whats_My_NumberUITests.swift; sourceTree = "<group>"; };
		25528F7421281A5C006092EE /* Info.plist */ = {isa = PBXFileReference; lastKnownFileType = text.plist.xml; path = Info.plist; sourceTree = "<group>"; };
		25528F8021281CD4006092EE /* README.md */ = {isa = PBXFileReference; fileEncoding = 4; lastKnownFileType = net.daringfireball.markdown; path = README.md; sourceTree = "<group>"; };
		25528F8221281D19006092EE /* screenshot.png */ = {isa = PBXFileReference; lastKnownFileType = image.png; path = screenshot.png; sourceTree = "<group>"; };
/* End PBXFileReference section */

/* Begin PBXFrameworksBuildPhase section */
		25528F4C21281A5A006092EE /* Frameworks */ = {
			isa = PBXFrameworksBuildPhase;
			buildActionMask = 2147483647;
			files = (
			);
			runOnlyForDeploymentPostprocessing = 0;
		};
		25528F6021281A5C006092EE /* Frameworks */ = {
			isa = PBXFrameworksBuildPhase;
			buildActionMask = 2147483647;
			files = (
			);
			runOnlyForDeploymentPostprocessing = 0;
		};
		25528F6B21281A5C006092EE /* Frameworks */ = {
			isa = PBXFrameworksBuildPhase;
			buildActionMask = 2147483647;
			files = (
			);
			runOnlyForDeploymentPostprocessing = 0;
		};
/* End PBXFrameworksBuildPhase section */

/* Begin PBXGroup section */
		25528F4621281A5A006092EE = {
			isa = PBXGroup;
			children = (
				25528F8021281CD4006092EE /* README.md */,
				25528F8221281D19006092EE /* screenshot.png */,
				25528F5121281A5A006092EE /* Whats My Number */,
				25528F6621281A5C006092EE /* Whats My NumberTests */,
				25528F7121281A5C006092EE /* Whats My NumberUITests */,
				25528F5021281A5A006092EE /* Products */,
			);
			sourceTree = "<group>";
		};
		25528F5021281A5A006092EE /* Products */ = {
			isa = PBXGroup;
			children = (
				25528F4F21281A5A006092EE /* Whats My Number.app */,
				25528F6321281A5C006092EE /* Whats My NumberTests.xctest */,
				25528F6E21281A5C006092EE /* Whats My NumberUITests.xctest */,
			);
			name = Products;
			sourceTree = "<group>";
		};
		25528F5121281A5A006092EE /* Whats My Number */ = {
			isa = PBXGroup;
			children = (
				25528F5221281A5A006092EE /* AppDelegate.swift */,
				25528F5421281A5A006092EE /* ViewController.swift */,
				25528F5621281A5A006092EE /* Main.storyboard */,
				25528F5921281A5C006092EE /* Assets.xcassets */,
				25528F5B21281A5C006092EE /* LaunchScreen.storyboard */,
				25528F5E21281A5C006092EE /* Info.plist */,
			);
			path = "Whats My Number";
			sourceTree = "<group>";
		};
		25528F6621281A5C006092EE /* Whats My NumberTests */ = {
			isa = PBXGroup;
			children = (
				25528F6721281A5C006092EE /* Whats_My_NumberTests.swift */,
				25528F6921281A5C006092EE /* Info.plist */,
			);
			path = "Whats My NumberTests";
			sourceTree = "<group>";
		};
		25528F7121281A5C006092EE /* Whats My NumberUITests */ = {
			isa = PBXGroup;
			children = (
				25528F7221281A5C006092EE /* Whats_My_NumberUITests.swift */,
				25528F7421281A5C006092EE /* Info.plist */,
			);
			path = "Whats My NumberUITests";
			sourceTree = "<group>";
		};
/* End PBXGroup section */

/* Begin PBXNativeTarget section */
		25528F4E21281A5A006092EE /* Whats My Number */ = {
			isa = PBXNativeTarget;
			buildConfigurationList = 25528F7721281A5C006092EE /* Build configuration list for PBXNativeTarget "Whats My Number" */;
			buildPhases = (
				25528F4B21281A5A006092EE /* Sources */,
				25528F4C21281A5A006092EE /* Frameworks */,
				25528F4D21281A5A006092EE /* Resources */,
			);
			buildRules = (
			);
			dependencies = (
			);
			name = "Whats My Number";
			productName = "Whats My Number";
			productReference = 25528F4F21281A5A006092EE /* Whats My Number.app */;
			productType = "com.apple.product-type.application";
		};
		25528F6221281A5C006092EE /* Whats My NumberTests */ = {
			isa = PBXNativeTarget;
			buildConfigurationList = 25528F7A21281A5C006092EE /* Build configuration list for PBXNativeTarget "Whats My NumberTests" */;
			buildPhases = (
				25528F5F21281A5C006092EE /* Sources */,
				25528F6021281A5C006092EE /* Frameworks */,
				25528F6121281A5C006092EE /* Resources */,
			);
			buildRules = (
			);
			dependencies = (
				25528F6521281A5C006092EE /* PBXTargetDependency */,
			);
			name = "Whats My NumberTests";
			productName = "Whats My NumberTests";
			productReference = 25528F6321281A5C006092EE /* Whats My NumberTests.xctest */;
			productType = "com.apple.product-type.bundle.unit-test";
		};
		25528F6D21281A5C006092EE /* Whats My NumberUITests */ = {
			isa = PBXNativeTarget;
			buildConfigurationList = 25528F7D21281A5C006092EE /* Build configuration list for PBXNativeTarget "Whats My NumberUITests" */;
			buildPhases = (
				25528F6A21281A5C006092EE /* Sources */,
				25528F6B21281A5C006092EE /* Frameworks */,
				25528F6C21281A5C006092EE /* Resources */,
			);
			buildRules = (
			);
			dependencies = (
				25528F7021281A5C006092EE /* PBXTargetDependency */,
			);
			name = "Whats My NumberUITests";
			productName = "Whats My NumberUITests";
			productReference = 25528F6E21281A5C006092EE /* Whats My NumberUITests.xctest */;
			productType = "com.apple.product-type.bundle.ui-testing";
		};
/* End PBXNativeTarget section */

/* Begin PBXProject section */
		25528F4721281A5A006092EE /* Project object */ = {
			isa = PBXProject;
			attributes = {
				LastSwiftUpdateCheck = 0940;
				LastUpgradeCheck = 0940;
				ORGANIZATIONNAME = dhanhost;
				TargetAttributes = {
					25528F4E21281A5A006092EE = {
						CreatedOnToolsVersion = 9.4.1;
					};
					25528F6221281A5C006092EE = {
						CreatedOnToolsVersion = 9.4.1;
						TestTargetID = 25528F4E21281A5A006092EE;
					};
					25528F6D21281A5C006092EE = {
						CreatedOnToolsVersion = 9.4.1;
						TestTargetID = 25528F4E21281A5A006092EE;
					};
				};
			};
			buildConfigurationList = 25528F4A21281A5A006092EE /* Build configuration list for PBXProject "Whats My Number" */;
			compatibilityVersion = "Xcode 9.3";
			developmentRegion = en;
			hasScannedForEncodings = 0;
			knownRegions = (
				en,
				Base,
			);
			mainGroup = 25528F4621281A5A006092EE;
			productRefGroup = 25528F5021281A5A006092EE /* Products */;
			projectDirPath = "";
			projectRoot = "";
			targets = (
				25528F4E21281A5A006092EE /* Whats My Number */,
				25528F6221281A5C006092EE /* Whats My NumberTests */,
				25528F6D21281A5C006092EE /* Whats My NumberUITests */,
			);
		};
/* End PBXProject section */

/* Begin PBXResourcesBuildPhase section */
		25528F4D21281A5A006092EE /* Resources */ = {
			isa = PBXResourcesBuildPhase;
			buildActionMask = 2147483647;
			files = (
				25528F5D21281A5C006092EE /* LaunchScreen.storyboard in Resources */,
				25528F5A21281A5C006092EE /* Assets.xcassets in Resources */,
				25528F8121281CD5006092EE /* README.md in Resources */,
				25528F5821281A5A006092EE /* Main.storyboard in Resources */,
				25528F8321281D19006092EE /* screenshot.png in Resources */,
			);
			runOnlyForDeploymentPostprocessing = 0;
		};
		25528F6121281A5C006092EE /* Resources */ = {
			isa = PBXResourcesBuildPhase;
			buildActionMask = 2147483647;
			files = (
			);
			runOnlyForDeploymentPostprocessing = 0;
		};
		25528F6C21281A5C006092EE /* Resources */ = {
			isa = PBXResourcesBuildPhase;
			buildActionMask = 2147483647;
			files = (
			);
			runOnlyForDeploymentPostprocessing = 0;
		};
/* End PBXResourcesBuildPhase section */

/* Begin PBXSourcesBuildPhase section */
		25528F4B21281A5A006092EE /* Sources */ = {
			isa = PBXSourcesBuildPhase;
			buildActionMask = 2147483647;
			files = (
				25528F5521281A5A006092EE /* ViewController.swift in Sources */,
				25528F5321281A5A006092EE /* AppDelegate.swift in Sources */,
			);
			runOnlyForDeploymentPostprocessing = 0;
		};
		25528F5F21281A5C006092EE /* Sources */ = {
			isa = PBXSourcesBuildPhase;
			buildActionMask = 2147483647;
			files = (
				25528F6821281A5C006092EE /* Whats_My_NumberTests.swift in Sources */,
			);
			runOnlyForDeploymentPostprocessing = 0;
		};
		25528F6A21281A5C006092EE /* Sources */ = {
			isa = PBXSourcesBuildPhase;
			buildActionMask = 2147483647;
			files = (
				25528F7321281A5C006092EE /* Whats_My_NumberUITests.swift in Sources */,
			);
			runOnlyForDeploymentPostprocessing = 0;
		};
/* End PBXSourcesBuildPhase section */

/* Begin PBXTargetDependency section */
		25528F6521281A5C006092EE /* PBXTargetDependency */ = {
			isa = PBXTargetDependency;
			target = 25528F4E21281A5A006092EE /* Whats My Number */;
			targetProxy = 25528F6421281A5C006092EE /* PBXContainerItemProxy */;
		};
		25528F7021281A5C006092EE /* PBXTargetDependency */ = {
			isa = PBXTargetDependency;
			target = 25528F4E21281A5A006092EE /* Whats My Number */;
			targetProxy = 25528F6F21281A5C006092EE /* PBXContainerItemProxy */;
		};
/* End PBXTargetDependency section */

/* Begin PBXVariantGroup section */
		25528F5621281A5A006092EE /* Main.storyboard */ = {
			isa = PBXVariantGroup;
			children = (
				25528F5721281A5A006092EE /* Base */,
			);
			name = Main.storyboard;
			sourceTree = "<group>";
		};
		25528F5B21281A5C006092EE /* LaunchScreen.storyboard */ = {
			isa = PBXVariantGroup;
			children = (
				25528F5C21281A5C006092EE /* Base */,
			);
			name = LaunchScreen.storyboard;
			sourceTree = "<group>";
		};
/* End PBXVariantGroup section */

/* Begin XCBuildConfiguration section */
		25528F7521281A5C006092EE /* Debug */ = {
			isa = XCBuildConfiguration;
			buildSettings = {
				ALWAYS_SEARCH_USER_PATHS = NO;
				CLANG_ANALYZER_NONNULL = YES;
				CLANG_ANALYZER_NUMBER_OBJECT_CONVERSION = YES_AGGRESSIVE;
				CLANG_CXX_LANGUAGE_STANDARD = "gnu++14";
				CLANG_CXX_LIBRARY = "libc++";
				CLANG_ENABLE_MODULES = YES;
				CLANG_ENABLE_OBJC_ARC = YES;
				CLANG_ENABLE_OBJC_WEAK = YES;
				CLANG_WARN_BLOCK_CAPTURE_AUTORELEASING = YES;
				CLANG_WARN_BOOL_CONVERSION = YES;
				CLANG_WARN_COMMA = YES;
				CLANG_WARN_CONSTANT_CONVERSION = YES;
				CLANG_WARN_DEPRECATED_OBJC_IMPLEMENTATIONS = YES;
				CLANG_WARN_DIRECT_OBJC_ISA_USAGE = YES_ERROR;
				CLANG_WARN_DOCUMENTATION_COMMENTS = YES;
				CLANG_WARN_EMPTY_BODY = YES;
				CLANG_WARN_ENUM_CONVERSION = YES;
				CLANG_WARN_INFINITE_RECURSION = YES;
				CLANG_WARN_INT_CONVERSION = YES;
				CLANG_WARN_NON_LITERAL_NULL_CONVERSION = YES;
				CLANG_WARN_OBJC_IMPLICIT_RETAIN_SELF = YES;
				CLANG_WARN_OBJC_LITERAL_CONVERSION = YES;
				CLANG_WARN_OBJC_ROOT_CLASS = YES_ERROR;
				CLANG_WARN_RANGE_LOOP_ANALYSIS = YES;
				CLANG_WARN_STRICT_PROTOTYPES = YES;
				CLANG_WARN_SUSPICIOUS_MOVE = YES;
				CLANG_WARN_UNGUARDED_AVAILABILITY = YES_AGGRESSIVE;
				CLANG_WARN_UNREACHABLE_CODE = YES;
				CLANG_WARN__DUPLICATE_METHOD_MATCH = YES;
				CODE_SIGN_IDENTITY = "iPhone Developer";
				COPY_PHASE_STRIP = NO;
				DEBUG_INFORMATION_FORMAT = dwarf;
				ENABLE_STRICT_OBJC_MSGSEND = YES;
				ENABLE_TESTABILITY = YES;
				GCC_C_LANGUAGE_STANDARD = gnu11;
				GCC_DYNAMIC_NO_PIC = NO;
				GCC_NO_COMMON_BLOCKS = YES;
				GCC_OPTIMIZATION_LEVEL = 0;
				GCC_PREPROCESSOR_DEFINITIONS = (
					"DEBUG=1",
					"$(inherited)",
				);
				GCC_WARN_64_TO_32_BIT_CONVERSION = YES;
				GCC_WARN_ABOUT_RETURN_TYPE = YES_ERROR;
				GCC_WARN_UNDECLARED_SELECTOR = YES;
				GCC_WARN_UNINITIALIZED_AUTOS = YES_AGGRESSIVE;
				GCC_WARN_UNUSED_FUNCTION = YES;
				GCC_WARN_UNUSED_VARIABLE = YES;
				IPHONEOS_DEPLOYMENT_TARGET = 11.4;
				MTL_ENABLE_DEBUG_INFO = YES;
				ONLY_ACTIVE_ARCH = YES;
				SDKROOT = iphoneos;
				SWIFT_ACTIVE_COMPILATION_CONDITIONS = DEBUG;
				SWIFT_OPTIMIZATION_LEVEL = "-Onone";
			};
			name = Debug;
		};
		25528F7621281A5C006092EE /* Release */ = {
			isa = XCBuildConfiguration;
			buildSettings = {
				ALWAYS_SEARCH_USER_PATHS = NO;
				CLANG_ANALYZER_NONNULL = YES;
				CLANG_ANALYZER_NUMBER_OBJECT_CONVERSION = YES_AGGRESSIVE;
				CLANG_CXX_LANGUAGE_STANDARD = "gnu++14";
				CLANG_CXX_LIBRARY = "libc++";
				CLANG_ENABLE_MODULES = YES;
				CLANG_ENABLE_OBJC_ARC = YES;
				CLANG_ENABLE_OBJC_WEAK = YES;
				CLANG_WARN_BLOCK_CAPTURE_AUTORELEASING = YES;
				CLANG_WARN_BOOL_CONVERSION = YES;
				CLANG_WARN_COMMA = YES;
				CLANG_WARN_CONSTANT_CONVERSION = YES;
				CLANG_WARN_DEPRECATED_OBJC_IMPLEMENTATIONS = YES;
				CLANG_WARN_DIRECT_OBJC_ISA_USAGE = YES_ERROR;
				CLANG_WARN_DOCUMENTATION_COMMENTS = YES;
				CLANG_WARN_EMPTY_BODY = YES;
				CLANG_WARN_ENUM_CONVERSION = YES;
				CLANG_WARN_INFINITE_RECURSION = YES;
				CLANG_WARN_INT_CONVERSION = YES;
				CLANG_WARN_NON_LITERAL_NULL_CONVERSION = YES;
				CLANG_WARN_OBJC_IMPLICIT_RETAIN_SELF = YES;
				CLANG_WARN_OBJC_LITERAL_CONVERSION = YES;
				CLANG_WARN_OBJC_ROOT_CLASS = YES_ERROR;
				CLANG_WARN_RANGE_LOOP_ANALYSIS = YES;
				CLANG_WARN_STRICT_PROTOTYPES = YES;
				CLANG_WARN_SUSPICIOUS_MOVE = YES;
				CLANG_WARN_UNGUARDED_AVAILABILITY = YES_AGGRESSIVE;
				CLANG_WARN_UNREACHABLE_CODE = YES;
				CLANG_WARN__DUPLICATE_METHOD_MATCH = YES;
				CODE_SIGN_IDENTITY = "iPhone Developer";
				COPY_PHASE_STRIP = NO;
				DEBUG_INFORMATION_FORMAT = "dwarf-with-dsym";
				ENABLE_NS_ASSERTIONS = NO;
				ENABLE_STRICT_OBJC_MSGSEND = YES;
				GCC_C_LANGUAGE_STANDARD = gnu11;
				GCC_NO_COMMON_BLOCKS = YES;
				GCC_WARN_64_TO_32_BIT_CONVERSION = YES;
				GCC_WARN_ABOUT_RETURN_TYPE = YES_ERROR;
				GCC_WARN_UNDECLARED_SELECTOR = YES;
				GCC_WARN_UNINITIALIZED_AUTOS = YES_AGGRESSIVE;
				GCC_WARN_UNUSED_FUNCTION = YES;
				GCC_WARN_UNUSED_VARIABLE = YES;
				IPHONEOS_DEPLOYMENT_TARGET = 11.4;
				MTL_ENABLE_DEBUG_INFO = NO;
				SDKROOT = iphoneos;
				SWIFT_COMPILATION_MODE = wholemodule;
				SWIFT_OPTIMIZATION_LEVEL = "-O";
				VALIDATE_PRODUCT = YES;
			};
			name = Release;
		};
		25528F7821281A5C006092EE /* Debug */ = {
			isa = XCBuildConfiguration;
			buildSettings = {
				ASSETCATALOG_COMPILER_APPICON_NAME = AppIcon;
				CODE_SIGN_STYLE = Automatic;
				INFOPLIST_FILE = "Whats My Number/Info.plist";
				LD_RUNPATH_SEARCH_PATHS = (
					"$(inherited)",
					"@executable_path/Frameworks",
				);
				PRODUCT_BUNDLE_IDENTIFIER = "com.dhanhost.Whats-My-Number";
				PRODUCT_NAME = "$(TARGET_NAME)";
				SWIFT_VERSION = 4.0;
				TARGETED_DEVICE_FAMILY = "1,2";
			};
			name = Debug;
		};
		25528F7921281A5C006092EE /* Release */ = {
			isa = XCBuildConfiguration;
			buildSettings = {
				ASSETCATALOG_COMPILER_APPICON_NAME = AppIcon;
				CODE_SIGN_STYLE = Automatic;
				INFOPLIST_FILE = "Whats My Number/Info.plist";
				LD_RUNPATH_SEARCH_PATHS = (
					"$(inherited)",
					"@executable_path/Frameworks",
				);
				PRODUCT_BUNDLE_IDENTIFIER = "com.dhanhost.Whats-My-Number";
				PRODUCT_NAME = "$(TARGET_NAME)";
				SWIFT_VERSION = 4.0;
				TARGETED_DEVICE_FAMILY = "1,2";
			};
			name = Release;
		};
		25528F7B21281A5C006092EE /* Debug */ = {
			isa = XCBuildConfiguration;
			buildSettings = {
				ALWAYS_EMBED_SWIFT_STANDARD_LIBRARIES = YES;
				BUNDLE_LOADER = "$(TEST_HOST)";
				CODE_SIGN_STYLE = Automatic;
				INFOPLIST_FILE = "Whats My NumberTests/Info.plist";
				LD_RUNPATH_SEARCH_PATHS = (
					"$(inherited)",
					"@executable_path/Frameworks",
					"@loader_path/Frameworks",
				);
				PRODUCT_BUNDLE_IDENTIFIER = "com.dhanhost.Whats-My-NumberTests";
				PRODUCT_NAME = "$(TARGET_NAME)";
				SWIFT_VERSION = 4.0;
				TARGETED_DEVICE_FAMILY = "1,2";
				TEST_HOST = "$(BUILT_PRODUCTS_DIR)/Whats My Number.app/Whats My Number";
			};
			name = Debug;
		};
		25528F7C21281A5C006092EE /* Release */ = {
			isa = XCBuildConfiguration;
			buildSettings = {
				ALWAYS_EMBED_SWIFT_STANDARD_LIBRARIES = YES;
				BUNDLE_LOADER = "$(TEST_HOST)";
				CODE_SIGN_STYLE = Automatic;
				INFOPLIST_FILE = "Whats My NumberTests/Info.plist";
				LD_RUNPATH_SEARCH_PATHS = (
					"$(inherited)",
					"@executable_path/Frameworks",
					"@loader_path/Frameworks",
				);
				PRODUCT_BUNDLE_IDENTIFIER = "com.dhanhost.Whats-My-NumberTests";
				PRODUCT_NAME = "$(TARGET_NAME)";
				SWIFT_VERSION = 4.0;
				TARGETED_DEVICE_FAMILY = "1,2";
				TEST_HOST = "$(BUILT_PRODUCTS_DIR)/Whats My Number.app/Whats My Number";
			};
			name = Release;
		};
		25528F7E21281A5C006092EE /* Debug */ = {
			isa = XCBuildConfiguration;
			buildSettings = {
				ALWAYS_EMBED_SWIFT_STANDARD_LIBRARIES = YES;
				CODE_SIGN_STYLE = Automatic;
				INFOPLIST_FILE = "Whats My NumberUITests/Info.plist";
				LD_RUNPATH_SEARCH_PATHS = (
					"$(inherited)",
					"@executable_path/Frameworks",
					"@loader_path/Frameworks",
				);
				PRODUCT_BUNDLE_IDENTIFIER = "com.dhanhost.Whats-My-NumberUITests";
				PRODUCT_NAME = "$(TARGET_NAME)";
				SWIFT_VERSION = 4.0;
				TARGETED_DEVICE_FAMILY = "1,2";
				TEST_TARGET_NAME = "Whats My Number";
			};
			name = Debug;
		};
		25528F7F21281A5C006092EE /* Release */ = {
			isa = XCBuildConfiguration;
			buildSettings = {
				ALWAYS_EMBED_SWIFT_STANDARD_LIBRARIES = YES;
				CODE_SIGN_STYLE = Automatic;
				INFOPLIST_FILE = "Whats My NumberUITests/Info.plist";
				LD_RUNPATH_SEARCH_PATHS = (
					"$(inherited)",
					"@executable_path/Frameworks",
					"@loader_path/Frameworks",
				);
				PRODUCT_BUNDLE_IDENTIFIER = "com.dhanhost.Whats-My-NumberUITests";
				PRODUCT_NAME = "$(TARGET_NAME)";
				SWIFT_VERSION = 4.0;
				TARGETED_DEVICE_FAMILY = "1,2";
				TEST_TARGET_NAME = "Whats My Number";
			};
			name = Release;
		};
/* End XCBuildConfiguration section */

/* Begin XCConfigurationList section */
		25528F4A21281A5A006092EE /* Build configuration list for PBXProject "Whats My Number" */ = {
			isa = XCConfigurationList;
			buildConfigurations = (
				25528F7521281A5C006092EE /* Debug */,
				25528F7621281A5C006092EE /* Release */,
			);
			defaultConfigurationIsVisible = 0;
			defaultConfigurationName = Release;
		};
		25528F7721281A5C006092EE /* Build configuration list for PBXNativeTarget "Whats My Number" */ = {
			isa = XCConfigurationList;
			buildConfigurations = (
				25528F7821281A5C006092EE /* Debug */,
				25528F7921281A5C006092EE /* Release */,
			);
			defaultConfigurationIsVisible = 0;
			defaultConfigurationName = Release;
		};
		25528F7A21281A5C006092EE /* Build configuration list for PBXNativeTarget "Whats My NumberTests" */ = {
			isa = XCConfigurationList;
			buildConfigurations = (
				25528F7B21281A5C006092EE /* Debug */,
				25528F7C21281A5C006092EE /* Release */,
			);
			defaultConfigurationIsVisible = 0;
			defaultConfigurationName = Release;
		};
		25528F7D21281A5C006092EE /* Build configuration list for PBXNativeTarget "Whats My NumberUITests" */ = {
			isa = XCConfigurationList;
			buildConfigurations = (
				25528F7E21281A5C006092EE /* Debug */,
				25528F7F21281A5C006092EE /* Release */,
			);
			defaultConfigurationIsVisible = 0;
			defaultConfigurationName = Release;
		};
/* End XCConfigurationList section */
	};
	rootObject = 25528F4721281A5A006092EE /* Project object */;
}
